# This file is automatically @generated by Poetry 1.8.5 and should not be changed by hand.

[[package]]
name = "alternative-encodings"
version = "0.3.1"
description = ""
optional = false
python-versions = ">=3.8,<4.0"
files = [
    {file = "alternative_encodings-0.3.1-py3-none-any.whl", hash = "sha256:c5fcf31f0cd7a5e0640e632b026ca3d55bd9694213b731843eb91b954ef1f09e"},
]

[package.dependencies]
cutlet = ">=0.4.0,<0.5.0"
fugashi = {version = ">=1.3.2,<2.0.0", extras = ["unidic-lite"]}

[package.source]
type = "legacy"
url = "https://dfint.github.io/pypi-index"
reference = "dfint"

[[package]]
name = "cutlet"
version = "0.4.0"
description = "Romaji converter"
optional = false
python-versions = ">=3.5"
files = [
    {file = "cutlet-0.4.0.tar.gz", hash = "sha256:9abc50b2c36aabc0c863b7a0fd6a3a651dc372e056f0914d83e76ac2612f3626"},
]

[package.dependencies]
fugashi = "*"
jaconv = "*"
mojimoji = "*"

[[package]]
name = "fugashi"
version = "1.3.2"
description = "A Cython MeCab wrapper for fast, pythonic Japanese tokenization."
optional = false
python-versions = ">=3.7"
files = [
    {file = "fugashi-1.3.2-cp310-cp310-macosx_10_9_universal2.whl", hash = "sha256:583e7a14e6ddf8a03b500bec30d708f72e98035ab43e2c92940dd9c36ee63de9"},
    {file = "fugashi-1.3.2-cp310-cp310-macosx_10_9_x86_64.whl", hash = "sha256:6c67023cdc1b059b05751c1785c794c24d8862f37a16cdb805e33c7d7ae0c19d"},
    {file = "fugashi-1.3.2-cp310-cp310-macosx_11_0_arm64.whl", hash = "sha256:6b2e21be33ed72621d9f4a601a33c00b38052df947f297d792b221a33337f094"},
    {file = "fugashi-1.3.2-cp310-cp310-manylinux_2_17_aarch64.manylinux2014_aarch64.whl", hash = "sha256:af7abac3037c7421b075782897766b8f453f28ef3bbadd3e7d69c9df409a48a8"},
    {file = "fugashi-1.3.2-cp310-cp310-manylinux_2_17_x86_64.manylinux2014_x86_64.whl", hash = "sha256:6b915d936e3eb30d50fde86889f8ab56968e5cb4d0ceeb497ac1bb6c58531f87"},
    {file = "fugashi-1.3.2-cp310-cp310-win_amd64.whl", hash = "sha256:8dc57d07809fbecdfc277d50028d5b8d23fb4c0ed12e6d6f7f565709c18848a4"},
    {file = "fugashi-1.3.2-cp311-cp311-macosx_10_9_universal2.whl", hash = "sha256:50243df8758f5fb90bd2801e557168e613df61fa4d488acfe364070e8a4a234c"},
    {file = "fugashi-1.3.2-cp311-cp311-macosx_10_9_x86_64.whl", hash = "sha256:9c9fb77c42e6b421e5c20f74179ed479255545b40a28f9983f264a8b19a30374"},
    {file = "fugashi-1.3.2-cp311-cp311-macosx_11_0_arm64.whl", hash = "sha256:6fdef6be3489279c670459a55b2dfa876c0856b3fc96b3590aa801f37af6b827"},
    {file = "fugashi-1.3.2-cp311-cp311-manylinux_2_17_aarch64.manylinux2014_aarch64.whl", hash = "sha256:2b2ebe0d6722e05000a959df303e06937939009f4eef0b8692018eb019496013"},
    {file = "fugashi-1.3.2-cp311-cp311-manylinux_2_17_x86_64.manylinux2014_x86_64.whl", hash = "sha256:85d8e3a9e9d92f555525b2719153e7d3e4ec71d0bae0b076b5495634039b8490"},
    {file = "fugashi-1.3.2-cp311-cp311-win_amd64.whl", hash = "sha256:9774bb52930fa17ebab17f8bcf2b5d20b6ef529b425ea65affb29a3307c003f8"},
    {file = "fugashi-1.3.2-cp312-cp312-macosx_10_9_universal2.whl", hash = "sha256:fcfb3908059f4dd15d7fda64edd3c027b4da668bf1731f147aa888f5db01bd6c"},
    {file = "fugashi-1.3.2-cp312-cp312-macosx_10_9_x86_64.whl", hash = "sha256:49b44261f2051c43a9e31816d85bb89e5563c3e4c03ff7830d1ebf5942888cf9"},
    {file = "fugashi-1.3.2-cp312-cp312-macosx_11_0_arm64.whl", hash = "sha256:3a2d8aecb2a239de33bcb70806b7688001e72f68bde68961c6f2899155f15f87"},
    {file = "fugashi-1.3.2-cp312-cp312-manylinux_2_17_aarch64.manylinux2014_aarch64.whl", hash = "sha256:4e24864e92ad3acf3c0b8f645e33d543fe569544bb6ee9728cb281325aa76d06"},
    {file = "fugashi-1.3.2-cp312-cp312-manylinux_2_17_x86_64.manylinux2014_x86_64.whl", hash = "sha256:ea942e45214a99844146ce0e0f1ac43bff6e2ccbf6d1cbfde4f2bed9ca0951b1"},
    {file = "fugashi-1.3.2-cp312-cp312-win_amd64.whl", hash = "sha256:da61498017e5cbee65c6eff88a13e17b45a5e3b0428733e99168344b8ff95da5"},
    {file = "fugashi-1.3.2-cp37-cp37m-macosx_10_9_x86_64.whl", hash = "sha256:18cd37369c1df25e56ef55ea31b3daaa14cfaae805d0ad51ae1274f749f3748d"},
    {file = "fugashi-1.3.2-cp37-cp37m-manylinux_2_17_aarch64.manylinux2014_aarch64.whl", hash = "sha256:63a6c360c1d5e8c4ffa55f1459550146a204401c5fb8cc01d4ba593586ed328a"},
    {file = "fugashi-1.3.2-cp37-cp37m-manylinux_2_17_x86_64.manylinux2014_x86_64.whl", hash = "sha256:a9ed34c799e945f013345a02cf27a5bc97e383b76c3127afe09008cf92b5858d"},
    {file = "fugashi-1.3.2-cp37-cp37m-win_amd64.whl", hash = "sha256:213c543e00c80fd601926b03fe489ebd6140d6022a78e2398dcbae7032a9166f"},
    {file = "fugashi-1.3.2-cp38-cp38-macosx_10_9_universal2.whl", hash = "sha256:107a37140c51396776810294aa47d6b92f767f834f1b9e50ca35046a63f31dfd"},
    {file = "fugashi-1.3.2-cp38-cp38-macosx_10_9_x86_64.whl", hash = "sha256:13001a977d0a87e174defaa7a7d5c512da0fd021beabe80ce8eb94694a9563a8"},
    {file = "fugashi-1.3.2-cp38-cp38-macosx_11_0_arm64.whl", hash = "sha256:1ad77258f97547d906cc822192c6c2c99a54290b0ca8c127368e11e0a0365245"},
    {file = "fugashi-1.3.2-cp38-cp38-manylinux_2_17_aarch64.manylinux2014_aarch64.whl", hash = "sha256:2d3345d2c61dd9d056442e271887a189cc2831a5365c3b8bdcccd4395b54f4fe"},
    {file = "fugashi-1.3.2-cp38-cp38-manylinux_2_17_x86_64.manylinux2014_x86_64.whl", hash = "sha256:f1cb923fbdfccc5d750accd32c9b929603852d6626b162834370b4b3245bb8c2"},
    {file = "fugashi-1.3.2-cp38-cp38-win_amd64.whl", hash = "sha256:6072a18d1f8428eb19a199ee3d8f1b01c310d15baec96aa7a9fa533e1ce60673"},
    {file = "fugashi-1.3.2-cp39-cp39-macosx_10_9_universal2.whl", hash = "sha256:7e392f2c57068bb892c45c1b69067c3dde94b633c81c725a613ee7defe09de47"},
    {file = "fugashi-1.3.2-cp39-cp39-macosx_10_9_x86_64.whl", hash = "sha256:85de463fc30390c06d985f52fcfd422acf7ada6b13f723721ca964854b9ae435"},
    {file = "fugashi-1.3.2-cp39-cp39-macosx_11_0_arm64.whl", hash = "sha256:5a640da3824aba966209fc425b2b19c38d22a3da637f83b4a7df83cb94376b87"},
    {file = "fugashi-1.3.2-cp39-cp39-manylinux_2_17_aarch64.manylinux2014_aarch64.whl", hash = "sha256:11e95f57b78152be3a0a1a1e77d7887cfc25c30412d5f5825711b75ea6d415be"},
    {file = "fugashi-1.3.2-cp39-cp39-manylinux_2_17_x86_64.manylinux2014_x86_64.whl", hash = "sha256:409b83f136a3c2da805cd999bd7e1792e7c71fa8e0637f77bdec2b6fd070a3bb"},
    {file = "fugashi-1.3.2-cp39-cp39-win_amd64.whl", hash = "sha256:51eed11fee767597cfe735bd01326eb06deb2283112e29e9e5bdc954750e7a24"},
    {file = "fugashi-1.3.2-pp310-pypy310_pp73-macosx_10_9_x86_64.whl", hash = "sha256:bc99b6e8f003c7a0e53e0f486caa1547f0ca8f86777610ea92af6e2f40ca212a"},
    {file = "fugashi-1.3.2-pp37-pypy37_pp73-macosx_10_9_x86_64.whl", hash = "sha256:4c7e97655d1d3f3f5d5c5da6ac7f31f187177a39f1557f9d3f683772a2e30815"},
    {file = "fugashi-1.3.2-pp38-pypy38_pp73-macosx_10_9_x86_64.whl", hash = "sha256:54865ba40c35b3180d9c7cf629a1f3e430bca626dcd6ee6288bc5245c044edea"},
    {file = "fugashi-1.3.2-pp39-pypy39_pp73-macosx_10_9_x86_64.whl", hash = "sha256:21d2dac5b085632f1f9a24edf5d7ccaeb3272be672e4aa37a0b219fc7a3b0655"},
    {file = "fugashi-1.3.2.tar.gz", hash = "sha256:964980b5d227ee41af7570542aaab56b1298c44416271cba5d8ff9a58ab40748"},
]

[package.dependencies]
unidic-lite = {version = "*", optional = true, markers = "extra == \"unidic-lite\""}

[package.extras]
unidic = ["unidic"]
unidic-lite = ["unidic-lite"]

[[package]]
name = "jaconv"
version = "0.3.4"
description = "Pure-Python Japanese character interconverter for Hiragana, Katakana, Hankaku, Zenkaku and more"
optional = false
python-versions = "*"
files = [
    {file = "jaconv-0.3.4.tar.gz", hash = "sha256:9e7c55f3f0b0e2dbad62f6c9fa0c30fc6fffdbb78297955509d90856b3a31d6d"},
]

[[package]]
name = "mojimoji"
version = "0.0.13"
description = "A fast converter between Japanese hankaku and zenkaku characters"
optional = false
python-versions = ">=3.7"
files = [
    {file = "mojimoji-0.0.13-cp310-cp310-macosx_10_9_x86_64.whl", hash = "sha256:d4e35fed7eb8ac573eef365d4a614c952179ad4e0e27a8e32d22e6c57a945b8c"},
    {file = "mojimoji-0.0.13-cp310-cp310-macosx_11_0_arm64.whl", hash = "sha256:308a6b43c3c9c5a6d912e1984d02aa58ccabb83c9e57c5edb71389c90187d6d3"},
    {file = "mojimoji-0.0.13-cp310-cp310-manylinux_2_17_i686.manylinux2014_i686.whl", hash = "sha256:761c1bcca7146b24c82b72645fbb80dbe6d373792e84f7d71bafa538c0b170af"},
    {file = "mojimoji-0.0.13-cp310-cp310-manylinux_2_17_x86_64.manylinux2014_x86_64.whl", hash = "sha256:8feb1b8bf21eae1c35fca72a8c2c05c9a12271d882a02b01608d746d3dbab684"},
    {file = "mojimoji-0.0.13-cp310-cp310-win32.whl", hash = "sha256:f617ebe1fdceadc2b87497c4d56f3c863155179488feb63f83a62cf95df37b69"},
    {file = "mojimoji-0.0.13-cp310-cp310-win_amd64.whl", hash = "sha256:a5dfcef1fc16360aab65b8b60518a9d19cc7916ffc296ee0907819490686429e"},
    {file = "mojimoji-0.0.13-cp311-cp311-macosx_10_9_x86_64.whl", hash = "sha256:c97d7c1861635cd538f44bf70dd27ed24435b0f8fe634ca52c49cb4c4424d6fa"},
    {file = "mojimoji-0.0.13-cp311-cp311-macosx_11_0_arm64.whl", hash = "sha256:2402eaf2a5f963735c44e59559fa00ee8eb8dec46c0e3f29bfdb1ee49d7a75df"},
    {file = "mojimoji-0.0.13-cp311-cp311-manylinux_2_17_i686.manylinux2014_i686.whl", hash = "sha256:60a7358d7d413d4ea9c92e3b523ab4e701e30cefc505b2f1409761fc9e7ba730"},
    {file = "mojimoji-0.0.13-cp311-cp311-manylinux_2_17_x86_64.manylinux2014_x86_64.whl", hash = "sha256:535f278df0a26280e904cd3688ae610414b176cc373431ac31e378305ee96452"},
    {file = "mojimoji-0.0.13-cp311-cp311-win32.whl", hash = "sha256:d27f88051d4fde5b2fdb1a07e3064c950541da6d25e3f1829eedededc015b0c2"},
    {file = "mojimoji-0.0.13-cp311-cp311-win_amd64.whl", hash = "sha256:ea2f75e93425f0bcfaef68c189845ec9a212d37a4997ffa35353ef7e5c57ca9a"},
    {file = "mojimoji-0.0.13-cp312-cp312-macosx_10_9_x86_64.whl", hash = "sha256:9d8f1618fb9b100bba172f2629df20e6db591ce5912996ac630d215627dd7553"},
    {file = "mojimoji-0.0.13-cp312-cp312-macosx_11_0_arm64.whl", hash = "sha256:ad4a2e1fb2b643ac3166f30be97a95ad1877e4670c6dc656c4ef580681b84c49"},
    {file = "mojimoji-0.0.13-cp312-cp312-manylinux_2_17_i686.manylinux2014_i686.whl", hash = "sha256:d001f2042073b194bad071925b7ee36d9f320b79c93b4463df87267fee986e86"},
    {file = "mojimoji-0.0.13-cp312-cp312-manylinux_2_17_x86_64.manylinux2014_x86_64.whl", hash = "sha256:3c5fd38d1f4079dc54ac79f93b0e5442c660b297a3868308251ffc37beb1216b"},
    {file = "mojimoji-0.0.13-cp312-cp312-win32.whl", hash = "sha256:c97ee81e4f7083df13b8ef690366e67afd8170c8f7c259161bae6ed12d41fe5b"},
    {file = "mojimoji-0.0.13-cp312-cp312-win_amd64.whl", hash = "sha256:6e442d6dcfb2fc1a08eea86da80ebe71ad63fbc4217fa4faede7023c0b51d055"},
    {file = "mojimoji-0.0.13-cp37-cp37m-macosx_10_9_x86_64.whl", hash = "sha256:b44d0a99b69bca583e497cf217d2573f9a01ca49d9dc23116bffb196efdb192f"},
    {file = "mojimoji-0.0.13-cp37-cp37m-manylinux_2_17_i686.manylinux2014_i686.whl", hash = "sha256:1087035b4b0d5f2be0db74ccdb285e0bcf977a8c24e47ee93cd084570d073648"},
    {file = "mojimoji-0.0.13-cp37-cp37m-manylinux_2_17_x86_64.manylinux2014_x86_64.whl", hash = "sha256:da069e1c48f54de4c4c372c74cf8c7f27487449d1547337aaedc21b26538b5e7"},
    {file = "mojimoji-0.0.13-cp37-cp37m-win32.whl", hash = "sha256:522eff5b0fd3ea2cdbeae27581a684174ed843dd7b9076791bf344a746a1ed8f"},
    {file = "mojimoji-0.0.13-cp37-cp37m-win_amd64.whl", hash = "sha256:99472af3849bd795970ecc9102f1007350cb8aef0ff21ba0511c121fe94c3ffe"},
    {file = "mojimoji-0.0.13-cp38-cp38-macosx_10_9_x86_64.whl", hash = "sha256:01130d705445c4b41dcb6177b82ef6ae54ae13dc8d7ad9bf1a673acf0db8059c"},
    {file = "mojimoji-0.0.13-cp38-cp38-macosx_11_0_arm64.whl", hash = "sha256:18422803dc00703ebf4969a6d6957bd9099913295f0578c9e29ee25d4988ed7f"},
    {file = "mojimoji-0.0.13-cp38-cp38-manylinux_2_17_i686.manylinux2014_i686.whl", hash = "sha256:7fc8a9caeea0147eee642a50c004fc64f0c1410736423f74802cf9950ae14b43"},
    {file = "mojimoji-0.0.13-cp38-cp38-manylinux_2_17_x86_64.manylinux2014_x86_64.whl", hash = "sha256:cc0f872b573218bfac9532ccb2f52f6279e8aa337654bbb28e90f0051d3ceb0b"},
    {file = "mojimoji-0.0.13-cp38-cp38-win32.whl", hash = "sha256:98ea6f420f1298eb6a36b759551b22d133fe882da407f3eccf8c2cc5d302d05f"},
    {file = "mojimoji-0.0.13-cp38-cp38-win_amd64.whl", hash = "sha256:ab1aee2ef6a170b26e431733767361dfc12983847f2be23f6dc2311de7b98df0"},
    {file = "mojimoji-0.0.13-cp39-cp39-macosx_10_9_x86_64.whl", hash = "sha256:918f415c42cabde6128faba93be92482a4fb1f40d0d800727e04716aef40c94e"},
    {file = "mojimoji-0.0.13-cp39-cp39-macosx_11_0_arm64.whl", hash = "sha256:a27b8cec5e05db2a7acc475a7ab70b840cf2087bcb2d4a276b89a3f9d20b0887"},
    {file = "mojimoji-0.0.13-cp39-cp39-manylinux_2_17_i686.manylinux2014_i686.whl", hash = "sha256:853d87ce8fbef597bc3a1f23a9f95f6a4267f697e28fc85c665598c190b4b71c"},
    {file = "mojimoji-0.0.13-cp39-cp39-manylinux_2_17_x86_64.manylinux2014_x86_64.whl", hash = "sha256:9f2284489d1b8330bb785eb844c1a6a6a2346c95bc3f52088084c71b4a1fb234"},
    {file = "mojimoji-0.0.13-cp39-cp39-win32.whl", hash = "sha256:507c73837b19c17918de5d2afccdaaed95cf00d1e9e38eac93ab39c8fc0930f8"},
    {file = "mojimoji-0.0.13-cp39-cp39-win_amd64.whl", hash = "sha256:6b627a62c18655adb36b9b2a420b7f43a0d2f39ebe2aa01418968d6dc71bb104"},
    {file = "mojimoji-0.0.13.tar.gz", hash = "sha256:0e6d2fba22cc8bf132a5bdf3a964296d9287a618d09681a12868f0fd518e4230"},
]

[[package]]
name = "pillow"
version = "11.1.0"
description = "Python Imaging Library (Fork)"
optional = false
python-versions = ">=3.9"
files = [
    {file = "pillow-11.1.0-cp310-cp310-macosx_10_10_x86_64.whl", hash = "sha256:e1abe69aca89514737465752b4bcaf8016de61b3be1397a8fc260ba33321b3a8"},
    {file = "pillow-11.1.0-cp310-cp310-macosx_11_0_arm64.whl", hash = "sha256:c640e5a06869c75994624551f45e5506e4256562ead981cce820d5ab39ae2192"},
    {file = "pillow-11.1.0-cp310-cp310-manylinux_2_17_aarch64.manylinux2014_aarch64.whl", hash = "sha256:a07dba04c5e22824816b2615ad7a7484432d7f540e6fa86af60d2de57b0fcee2"},
    {file = "pillow-11.1.0-cp310-cp310-manylinux_2_17_x86_64.manylinux2014_x86_64.whl", hash = "sha256:e267b0ed063341f3e60acd25c05200df4193e15a4a5807075cd71225a2386e26"},
    {file = "pillow-11.1.0-cp310-cp310-manylinux_2_28_aarch64.whl", hash = "sha256:bd165131fd51697e22421d0e467997ad31621b74bfc0b75956608cb2906dda07"},
    {file = "pillow-11.1.0-cp310-cp310-manylinux_2_28_x86_64.whl", hash = "sha256:abc56501c3fd148d60659aae0af6ddc149660469082859fa7b066a298bde9482"},
    {file = "pillow-11.1.0-cp310-cp310-musllinux_1_2_aarch64.whl", hash = "sha256:54ce1c9a16a9561b6d6d8cb30089ab1e5eb66918cb47d457bd996ef34182922e"},
    {file = "pillow-11.1.0-cp310-cp310-musllinux_1_2_x86_64.whl", hash = "sha256:73ddde795ee9b06257dac5ad42fcb07f3b9b813f8c1f7f870f402f4dc54b5269"},
    {file = "pillow-11.1.0-cp310-cp310-win32.whl", hash = "sha256:3a5fe20a7b66e8135d7fd617b13272626a28278d0e578c98720d9ba4b2439d49"},
    {file = "pillow-11.1.0-cp310-cp310-win_amd64.whl", hash = "sha256:b6123aa4a59d75f06e9dd3dac5bf8bc9aa383121bb3dd9a7a612e05eabc9961a"},
    {file = "pillow-11.1.0-cp310-cp310-win_arm64.whl", hash = "sha256:a76da0a31da6fcae4210aa94fd779c65c75786bc9af06289cd1c184451ef7a65"},
    {file = "pillow-11.1.0-cp311-cp311-macosx_10_10_x86_64.whl", hash = "sha256:e06695e0326d05b06833b40b7ef477e475d0b1ba3a6d27da1bb48c23209bf457"},
    {file = "pillow-11.1.0-cp311-cp311-macosx_11_0_arm64.whl", hash = "sha256:96f82000e12f23e4f29346e42702b6ed9a2f2fea34a740dd5ffffcc8c539eb35"},
    {file = "pillow-11.1.0-cp311-cp311-manylinux_2_17_aarch64.manylinux2014_aarch64.whl", hash = "sha256:a3cd561ded2cf2bbae44d4605837221b987c216cff94f49dfeed63488bb228d2"},
    {file = "pillow-11.1.0-cp311-cp311-manylinux_2_17_x86_64.manylinux2014_x86_64.whl", hash = "sha256:f189805c8be5ca5add39e6f899e6ce2ed824e65fb45f3c28cb2841911da19070"},
    {file = "pillow-11.1.0-cp311-cp311-manylinux_2_28_aarch64.whl", hash = "sha256:dd0052e9db3474df30433f83a71b9b23bd9e4ef1de13d92df21a52c0303b8ab6"},
    {file = "pillow-11.1.0-cp311-cp311-manylinux_2_28_x86_64.whl", hash = "sha256:837060a8599b8f5d402e97197d4924f05a2e0d68756998345c829c33186217b1"},
    {file = "pillow-11.1.0-cp311-cp311-musllinux_1_2_aarch64.whl", hash = "sha256:aa8dd43daa836b9a8128dbe7d923423e5ad86f50a7a14dc688194b7be5c0dea2"},
    {file = "pillow-11.1.0-cp311-cp311-musllinux_1_2_x86_64.whl", hash = "sha256:0a2f91f8a8b367e7a57c6e91cd25af510168091fb89ec5146003e424e1558a96"},
    {file = "pillow-11.1.0-cp311-cp311-win32.whl", hash = "sha256:c12fc111ef090845de2bb15009372175d76ac99969bdf31e2ce9b42e4b8cd88f"},
    {file = "pillow-11.1.0-cp311-cp311-win_amd64.whl", hash = "sha256:fbd43429d0d7ed6533b25fc993861b8fd512c42d04514a0dd6337fb3ccf22761"},
    {file = "pillow-11.1.0-cp311-cp311-win_arm64.whl", hash = "sha256:f7955ecf5609dee9442cbface754f2c6e541d9e6eda87fad7f7a989b0bdb9d71"},
    {file = "pillow-11.1.0-cp312-cp312-macosx_10_13_x86_64.whl", hash = "sha256:2062ffb1d36544d42fcaa277b069c88b01bb7298f4efa06731a7fd6cc290b81a"},
    {file = "pillow-11.1.0-cp312-cp312-macosx_11_0_arm64.whl", hash = "sha256:a85b653980faad27e88b141348707ceeef8a1186f75ecc600c395dcac19f385b"},
    {file = "pillow-11.1.0-cp312-cp312-manylinux_2_17_aarch64.manylinux2014_aarch64.whl", hash = "sha256:9409c080586d1f683df3f184f20e36fb647f2e0bc3988094d4fd8c9f4eb1b3b3"},
    {file = "pillow-11.1.0-cp312-cp312-manylinux_2_17_x86_64.manylinux2014_x86_64.whl", hash = "sha256:7fdadc077553621911f27ce206ffcbec7d3f8d7b50e0da39f10997e8e2bb7f6a"},
    {file = "pillow-11.1.0-cp312-cp312-manylinux_2_28_aarch64.whl", hash = "sha256:93a18841d09bcdd774dcdc308e4537e1f867b3dec059c131fde0327899734aa1"},
    {file = "pillow-11.1.0-cp312-cp312-manylinux_2_28_x86_64.whl", hash = "sha256:9aa9aeddeed452b2f616ff5507459e7bab436916ccb10961c4a382cd3e03f47f"},
    {file = "pillow-11.1.0-cp312-cp312-musllinux_1_2_aarch64.whl", hash = "sha256:3cdcdb0b896e981678eee140d882b70092dac83ac1cdf6b3a60e2216a73f2b91"},
    {file = "pillow-11.1.0-cp312-cp312-musllinux_1_2_x86_64.whl", hash = "sha256:36ba10b9cb413e7c7dfa3e189aba252deee0602c86c309799da5a74009ac7a1c"},
    {file = "pillow-11.1.0-cp312-cp312-win32.whl", hash = "sha256:cfd5cd998c2e36a862d0e27b2df63237e67273f2fc78f47445b14e73a810e7e6"},
    {file = "pillow-11.1.0-cp312-cp312-win_amd64.whl", hash = "sha256:a697cd8ba0383bba3d2d3ada02b34ed268cb548b369943cd349007730c92bddf"},
    {file = "pillow-11.1.0-cp312-cp312-win_arm64.whl", hash = "sha256:4dd43a78897793f60766563969442020e90eb7847463eca901e41ba186a7d4a5"},
    {file = "pillow-11.1.0-cp313-cp313-macosx_10_13_x86_64.whl", hash = "sha256:ae98e14432d458fc3de11a77ccb3ae65ddce70f730e7c76140653048c71bfcbc"},
    {file = "pillow-11.1.0-cp313-cp313-macosx_11_0_arm64.whl", hash = "sha256:cc1331b6d5a6e144aeb5e626f4375f5b7ae9934ba620c0ac6b3e43d5e683a0f0"},
    {file = "pillow-11.1.0-cp313-cp313-manylinux_2_17_aarch64.manylinux2014_aarch64.whl", hash = "sha256:758e9d4ef15d3560214cddbc97b8ef3ef86ce04d62ddac17ad39ba87e89bd3b1"},
    {file = "pillow-11.1.0-cp313-cp313-manylinux_2_17_x86_64.manylinux2014_x86_64.whl", hash = "sha256:b523466b1a31d0dcef7c5be1f20b942919b62fd6e9a9be199d035509cbefc0ec"},
    {file = "pillow-11.1.0-cp313-cp313-manylinux_2_28_aarch64.whl", hash = "sha256:9044b5e4f7083f209c4e35aa5dd54b1dd5b112b108648f5c902ad586d4f945c5"},
    {file = "pillow-11.1.0-cp313-cp313-manylinux_2_28_x86_64.whl", hash = "sha256:3764d53e09cdedd91bee65c2527815d315c6b90d7b8b79759cc48d7bf5d4f114"},
    {file = "pillow-11.1.0-cp313-cp313-musllinux_1_2_aarch64.whl", hash = "sha256:31eba6bbdd27dde97b0174ddf0297d7a9c3a507a8a1480e1e60ef914fe23d352"},
    {file = "pillow-11.1.0-cp313-cp313-musllinux_1_2_x86_64.whl", hash = "sha256:b5d658fbd9f0d6eea113aea286b21d3cd4d3fd978157cbf2447a6035916506d3"},
    {file = "pillow-11.1.0-cp313-cp313-win32.whl", hash = "sha256:f86d3a7a9af5d826744fabf4afd15b9dfef44fe69a98541f666f66fbb8d3fef9"},
    {file = "pillow-11.1.0-cp313-cp313-win_amd64.whl", hash = "sha256:593c5fd6be85da83656b93ffcccc2312d2d149d251e98588b14fbc288fd8909c"},
    {file = "pillow-11.1.0-cp313-cp313-win_arm64.whl", hash = "sha256:11633d58b6ee5733bde153a8dafd25e505ea3d32e261accd388827ee987baf65"},
    {file = "pillow-11.1.0-cp313-cp313t-macosx_10_13_x86_64.whl", hash = "sha256:70ca5ef3b3b1c4a0812b5c63c57c23b63e53bc38e758b37a951e5bc466449861"},
    {file = "pillow-11.1.0-cp313-cp313t-macosx_11_0_arm64.whl", hash = "sha256:8000376f139d4d38d6851eb149b321a52bb8893a88dae8ee7d95840431977081"},
    {file = "pillow-11.1.0-cp313-cp313t-manylinux_2_17_x86_64.manylinux2014_x86_64.whl", hash = "sha256:9ee85f0696a17dd28fbcfceb59f9510aa71934b483d1f5601d1030c3c8304f3c"},
    {file = "pillow-11.1.0-cp313-cp313t-manylinux_2_28_x86_64.whl", hash = "sha256:dd0e081319328928531df7a0e63621caf67652c8464303fd102141b785ef9547"},
    {file = "pillow-11.1.0-cp313-cp313t-musllinux_1_2_x86_64.whl", hash = "sha256:e63e4e5081de46517099dc30abe418122f54531a6ae2ebc8680bcd7096860eab"},
    {file = "pillow-11.1.0-cp313-cp313t-win32.whl", hash = "sha256:dda60aa465b861324e65a78c9f5cf0f4bc713e4309f83bc387be158b077963d9"},
    {file = "pillow-11.1.0-cp313-cp313t-win_amd64.whl", hash = "sha256:ad5db5781c774ab9a9b2c4302bbf0c1014960a0a7be63278d13ae6fdf88126fe"},
    {file = "pillow-11.1.0-cp313-cp313t-win_arm64.whl", hash = "sha256:67cd427c68926108778a9005f2a04adbd5e67c442ed21d95389fe1d595458756"},
    {file = "pillow-11.1.0-cp39-cp39-macosx_10_10_x86_64.whl", hash = "sha256:bf902d7413c82a1bfa08b06a070876132a5ae6b2388e2712aab3a7cbc02205c6"},
    {file = "pillow-11.1.0-cp39-cp39-macosx_11_0_arm64.whl", hash = "sha256:c1eec9d950b6fe688edee07138993e54ee4ae634c51443cfb7c1e7613322718e"},
    {file = "pillow-11.1.0-cp39-cp39-manylinux_2_17_aarch64.manylinux2014_aarch64.whl", hash = "sha256:8e275ee4cb11c262bd108ab2081f750db2a1c0b8c12c1897f27b160c8bd57bbc"},
    {file = "pillow-11.1.0-cp39-cp39-manylinux_2_17_x86_64.manylinux2014_x86_64.whl", hash = "sha256:4db853948ce4e718f2fc775b75c37ba2efb6aaea41a1a5fc57f0af59eee774b2"},
    {file = "pillow-11.1.0-cp39-cp39-manylinux_2_28_aarch64.whl", hash = "sha256:ab8a209b8485d3db694fa97a896d96dd6533d63c22829043fd9de627060beade"},
    {file = "pillow-11.1.0-cp39-cp39-manylinux_2_28_x86_64.whl", hash = "sha256:54251ef02a2309b5eec99d151ebf5c9904b77976c8abdcbce7891ed22df53884"},
    {file = "pillow-11.1.0-cp39-cp39-musllinux_1_2_aarch64.whl", hash = "sha256:5bb94705aea800051a743aa4874bb1397d4695fb0583ba5e425ee0328757f196"},
    {file = "pillow-11.1.0-cp39-cp39-musllinux_1_2_x86_64.whl", hash = "sha256:89dbdb3e6e9594d512780a5a1c42801879628b38e3efc7038094430844e271d8"},
    {file = "pillow-11.1.0-cp39-cp39-win32.whl", hash = "sha256:e5449ca63da169a2e6068dd0e2fcc8d91f9558aba89ff6d02121ca8ab11e79e5"},
    {file = "pillow-11.1.0-cp39-cp39-win_amd64.whl", hash = "sha256:3362c6ca227e65c54bf71a5f88b3d4565ff1bcbc63ae72c34b07bbb1cc59a43f"},
    {file = "pillow-11.1.0-cp39-cp39-win_arm64.whl", hash = "sha256:b20be51b37a75cc54c2c55def3fa2c65bb94ba859dde241cd0a4fd302de5ae0a"},
    {file = "pillow-11.1.0-pp310-pypy310_pp73-macosx_10_15_x86_64.whl", hash = "sha256:8c730dc3a83e5ac137fbc92dfcfe1511ce3b2b5d7578315b63dbbb76f7f51d90"},
    {file = "pillow-11.1.0-pp310-pypy310_pp73-macosx_11_0_arm64.whl", hash = "sha256:7d33d2fae0e8b170b6a6c57400e077412240f6f5bb2a342cf1ee512a787942bb"},
    {file = "pillow-11.1.0-pp310-pypy310_pp73-manylinux_2_17_aarch64.manylinux2014_aarch64.whl", hash = "sha256:a8d65b38173085f24bc07f8b6c505cbb7418009fa1a1fcb111b1f4961814a442"},
    {file = "pillow-11.1.0-pp310-pypy310_pp73-manylinux_2_17_x86_64.manylinux2014_x86_64.whl", hash = "sha256:015c6e863faa4779251436db398ae75051469f7c903b043a48f078e437656f83"},
    {file = "pillow-11.1.0-pp310-pypy310_pp73-manylinux_2_28_aarch64.whl", hash = "sha256:d44ff19eea13ae4acdaaab0179fa68c0c6f2f45d66a4d8ec1eda7d6cecbcc15f"},
    {file = "pillow-11.1.0-pp310-pypy310_pp73-manylinux_2_28_x86_64.whl", hash = "sha256:d3d8da4a631471dfaf94c10c85f5277b1f8e42ac42bade1ac67da4b4a7359b73"},
    {file = "pillow-11.1.0-pp310-pypy310_pp73-win_amd64.whl", hash = "sha256:4637b88343166249fe8aa94e7c4a62a180c4b3898283bb5d3d2fd5fe10d8e4e0"},
    {file = "pillow-11.1.0.tar.gz", hash = "sha256:368da70808b36d73b4b390a8ffac11069f8a5c85f29eff1f1b01bcf3ef5b2a20"},
]

[package.extras]
docs = ["furo", "olefile", "sphinx (>=8.1)", "sphinx-copybutton", "sphinx-inline-tabs", "sphinxext-opengraph"]
fpx = ["olefile"]
mic = ["olefile"]
tests = ["check-manifest", "coverage (>=7.4.2)", "defusedxml", "markdown2", "olefile", "packaging", "pyroma", "pytest", "pytest-cov", "pytest-timeout", "trove-classifiers (>=2024.10.12)"]
typing = ["typing-extensions"]
xmp = ["defusedxml"]

[[package]]
name = "ruff"
version = "0.9.4"
description = "An extremely fast Python linter and code formatter, written in Rust."
optional = false
python-versions = ">=3.7"
files = [
    {file = "ruff-0.9.4-py3-none-linux_armv6l.whl", hash = "sha256:64e73d25b954f71ff100bb70f39f1ee09e880728efb4250c632ceed4e4cdf706"},
    {file = "ruff-0.9.4-py3-none-macosx_10_12_x86_64.whl", hash = "sha256:6ce6743ed64d9afab4fafeaea70d3631b4d4b28b592db21a5c2d1f0ef52934bf"},
    {file = "ruff-0.9.4-py3-none-macosx_11_0_arm64.whl", hash = "sha256:54499fb08408e32b57360f6f9de7157a5fec24ad79cb3f42ef2c3f3f728dfe2b"},
    {file = "ruff-0.9.4-py3-none-manylinux_2_17_aarch64.manylinux2014_aarch64.whl", hash = "sha256:37c892540108314a6f01f105040b5106aeb829fa5fb0561d2dcaf71485021137"},
    {file = "ruff-0.9.4-py3-none-manylinux_2_17_armv7l.manylinux2014_armv7l.whl", hash = "sha256:de9edf2ce4b9ddf43fd93e20ef635a900e25f622f87ed6e3047a664d0e8f810e"},
    {file = "ruff-0.9.4-py3-none-manylinux_2_17_i686.manylinux2014_i686.whl", hash = "sha256:87c90c32357c74f11deb7fbb065126d91771b207bf9bfaaee01277ca59b574ec"},
    {file = "ruff-0.9.4-py3-none-manylinux_2_17_ppc64.manylinux2014_ppc64.whl", hash = "sha256:56acd6c694da3695a7461cc55775f3a409c3815ac467279dfa126061d84b314b"},
    {file = "ruff-0.9.4-py3-none-manylinux_2_17_ppc64le.manylinux2014_ppc64le.whl", hash = "sha256:e0c93e7d47ed951b9394cf352d6695b31498e68fd5782d6cbc282425655f687a"},
    {file = "ruff-0.9.4-py3-none-manylinux_2_17_s390x.manylinux2014_s390x.whl", hash = "sha256:1d4c8772670aecf037d1bf7a07c39106574d143b26cfe5ed1787d2f31e800214"},
    {file = "ruff-0.9.4-py3-none-manylinux_2_17_x86_64.manylinux2014_x86_64.whl", hash = "sha256:bfc5f1d7afeda8d5d37660eeca6d389b142d7f2b5a1ab659d9214ebd0e025231"},
    {file = "ruff-0.9.4-py3-none-musllinux_1_2_aarch64.whl", hash = "sha256:faa935fc00ae854d8b638c16a5f1ce881bc3f67446957dd6f2af440a5fc8526b"},
    {file = "ruff-0.9.4-py3-none-musllinux_1_2_armv7l.whl", hash = "sha256:a6c634fc6f5a0ceae1ab3e13c58183978185d131a29c425e4eaa9f40afe1e6d6"},
    {file = "ruff-0.9.4-py3-none-musllinux_1_2_i686.whl", hash = "sha256:433dedf6ddfdec7f1ac7575ec1eb9844fa60c4c8c2f8887a070672b8d353d34c"},
    {file = "ruff-0.9.4-py3-none-musllinux_1_2_x86_64.whl", hash = "sha256:d612dbd0f3a919a8cc1d12037168bfa536862066808960e0cc901404b77968f0"},
    {file = "ruff-0.9.4-py3-none-win32.whl", hash = "sha256:db1192ddda2200671f9ef61d9597fcef89d934f5d1705e571a93a67fb13a4402"},
    {file = "ruff-0.9.4-py3-none-win_amd64.whl", hash = "sha256:05bebf4cdbe3ef75430d26c375773978950bbf4ee3c95ccb5448940dc092408e"},
    {file = "ruff-0.9.4-py3-none-win_arm64.whl", hash = "sha256:585792f1e81509e38ac5123492f8875fbc36f3ede8185af0a26df348e5154f41"},
    {file = "ruff-0.9.4.tar.gz", hash = "sha256:6907ee3529244bb0ed066683e075f09285b38dd5b4039370df6ff06041ca19e7"},
]

[[package]]
name = "unidic-lite"
version = "1.0.8"
description = "A small version of UniDic packaged for Python"
optional = false
python-versions = "*"
files = [
    {file = "unidic-lite-1.0.8.tar.gz", hash = "sha256:db9d4572d9fdd4d00a97949d4b0741ec480ee05a7e7e2e32f547500dae27b245"},
]

[metadata]
lock-version = "2.0"
python-versions = "^3.10"
content-hash = "95fb152c1f1334a2a5f5f44aa0b0511c416a6746bdc2d021010927daad697d83"
