# This file is automatically @generated by Poetry 1.8.3 and should not be changed by hand.

[[package]]
name = "alternative-encodings"
version = "0.3.1"
description = ""
optional = false
python-versions = ">=3.8,<4.0"
files = [
    {file = "alternative_encodings-0.3.1-py3-none-any.whl", hash = "sha256:c5fcf31f0cd7a5e0640e632b026ca3d55bd9694213b731843eb91b954ef1f09e"},
]

[package.dependencies]
cutlet = ">=0.4.0,<0.5.0"
fugashi = {version = ">=1.3.2,<2.0.0", extras = ["unidic-lite"]}

[package.source]
type = "legacy"
url = "https://dfint.github.io/pypi-index"
reference = "dfint"

[[package]]
name = "cutlet"
version = "0.4.0"
description = "Romaji converter"
optional = false
python-versions = ">=3.5"
files = [
    {file = "cutlet-0.4.0.tar.gz", hash = "sha256:9abc50b2c36aabc0c863b7a0fd6a3a651dc372e056f0914d83e76ac2612f3626"},
]

[package.dependencies]
fugashi = "*"
jaconv = "*"
mojimoji = "*"

[[package]]
name = "fugashi"
version = "1.3.2"
description = "A Cython MeCab wrapper for fast, pythonic Japanese tokenization."
optional = false
python-versions = ">=3.7"
files = [
    {file = "fugashi-1.3.2-cp310-cp310-macosx_10_9_universal2.whl", hash = "sha256:583e7a14e6ddf8a03b500bec30d708f72e98035ab43e2c92940dd9c36ee63de9"},
    {file = "fugashi-1.3.2-cp310-cp310-macosx_10_9_x86_64.whl", hash = "sha256:6c67023cdc1b059b05751c1785c794c24d8862f37a16cdb805e33c7d7ae0c19d"},
    {file = "fugashi-1.3.2-cp310-cp310-macosx_11_0_arm64.whl", hash = "sha256:6b2e21be33ed72621d9f4a601a33c00b38052df947f297d792b221a33337f094"},
    {file = "fugashi-1.3.2-cp310-cp310-manylinux_2_17_aarch64.manylinux2014_aarch64.whl", hash = "sha256:af7abac3037c7421b075782897766b8f453f28ef3bbadd3e7d69c9df409a48a8"},
    {file = "fugashi-1.3.2-cp310-cp310-manylinux_2_17_x86_64.manylinux2014_x86_64.whl", hash = "sha256:6b915d936e3eb30d50fde86889f8ab56968e5cb4d0ceeb497ac1bb6c58531f87"},
    {file = "fugashi-1.3.2-cp310-cp310-win_amd64.whl", hash = "sha256:8dc57d07809fbecdfc277d50028d5b8d23fb4c0ed12e6d6f7f565709c18848a4"},
    {file = "fugashi-1.3.2-cp311-cp311-macosx_10_9_universal2.whl", hash = "sha256:50243df8758f5fb90bd2801e557168e613df61fa4d488acfe364070e8a4a234c"},
    {file = "fugashi-1.3.2-cp311-cp311-macosx_10_9_x86_64.whl", hash = "sha256:9c9fb77c42e6b421e5c20f74179ed479255545b40a28f9983f264a8b19a30374"},
    {file = "fugashi-1.3.2-cp311-cp311-macosx_11_0_arm64.whl", hash = "sha256:6fdef6be3489279c670459a55b2dfa876c0856b3fc96b3590aa801f37af6b827"},
    {file = "fugashi-1.3.2-cp311-cp311-manylinux_2_17_aarch64.manylinux2014_aarch64.whl", hash = "sha256:2b2ebe0d6722e05000a959df303e06937939009f4eef0b8692018eb019496013"},
    {file = "fugashi-1.3.2-cp311-cp311-manylinux_2_17_x86_64.manylinux2014_x86_64.whl", hash = "sha256:85d8e3a9e9d92f555525b2719153e7d3e4ec71d0bae0b076b5495634039b8490"},
    {file = "fugashi-1.3.2-cp311-cp311-win_amd64.whl", hash = "sha256:9774bb52930fa17ebab17f8bcf2b5d20b6ef529b425ea65affb29a3307c003f8"},
    {file = "fugashi-1.3.2-cp312-cp312-macosx_10_9_universal2.whl", hash = "sha256:fcfb3908059f4dd15d7fda64edd3c027b4da668bf1731f147aa888f5db01bd6c"},
    {file = "fugashi-1.3.2-cp312-cp312-macosx_10_9_x86_64.whl", hash = "sha256:49b44261f2051c43a9e31816d85bb89e5563c3e4c03ff7830d1ebf5942888cf9"},
    {file = "fugashi-1.3.2-cp312-cp312-macosx_11_0_arm64.whl", hash = "sha256:3a2d8aecb2a239de33bcb70806b7688001e72f68bde68961c6f2899155f15f87"},
    {file = "fugashi-1.3.2-cp312-cp312-manylinux_2_17_aarch64.manylinux2014_aarch64.whl", hash = "sha256:4e24864e92ad3acf3c0b8f645e33d543fe569544bb6ee9728cb281325aa76d06"},
    {file = "fugashi-1.3.2-cp312-cp312-manylinux_2_17_x86_64.manylinux2014_x86_64.whl", hash = "sha256:ea942e45214a99844146ce0e0f1ac43bff6e2ccbf6d1cbfde4f2bed9ca0951b1"},
    {file = "fugashi-1.3.2-cp312-cp312-win_amd64.whl", hash = "sha256:da61498017e5cbee65c6eff88a13e17b45a5e3b0428733e99168344b8ff95da5"},
    {file = "fugashi-1.3.2-cp37-cp37m-macosx_10_9_x86_64.whl", hash = "sha256:18cd37369c1df25e56ef55ea31b3daaa14cfaae805d0ad51ae1274f749f3748d"},
    {file = "fugashi-1.3.2-cp37-cp37m-manylinux_2_17_aarch64.manylinux2014_aarch64.whl", hash = "sha256:63a6c360c1d5e8c4ffa55f1459550146a204401c5fb8cc01d4ba593586ed328a"},
    {file = "fugashi-1.3.2-cp37-cp37m-manylinux_2_17_x86_64.manylinux2014_x86_64.whl", hash = "sha256:a9ed34c799e945f013345a02cf27a5bc97e383b76c3127afe09008cf92b5858d"},
    {file = "fugashi-1.3.2-cp37-cp37m-win_amd64.whl", hash = "sha256:213c543e00c80fd601926b03fe489ebd6140d6022a78e2398dcbae7032a9166f"},
    {file = "fugashi-1.3.2-cp38-cp38-macosx_10_9_universal2.whl", hash = "sha256:107a37140c51396776810294aa47d6b92f767f834f1b9e50ca35046a63f31dfd"},
    {file = "fugashi-1.3.2-cp38-cp38-macosx_10_9_x86_64.whl", hash = "sha256:13001a977d0a87e174defaa7a7d5c512da0fd021beabe80ce8eb94694a9563a8"},
    {file = "fugashi-1.3.2-cp38-cp38-macosx_11_0_arm64.whl", hash = "sha256:1ad77258f97547d906cc822192c6c2c99a54290b0ca8c127368e11e0a0365245"},
    {file = "fugashi-1.3.2-cp38-cp38-manylinux_2_17_aarch64.manylinux2014_aarch64.whl", hash = "sha256:2d3345d2c61dd9d056442e271887a189cc2831a5365c3b8bdcccd4395b54f4fe"},
    {file = "fugashi-1.3.2-cp38-cp38-manylinux_2_17_x86_64.manylinux2014_x86_64.whl", hash = "sha256:f1cb923fbdfccc5d750accd32c9b929603852d6626b162834370b4b3245bb8c2"},
    {file = "fugashi-1.3.2-cp38-cp38-win_amd64.whl", hash = "sha256:6072a18d1f8428eb19a199ee3d8f1b01c310d15baec96aa7a9fa533e1ce60673"},
    {file = "fugashi-1.3.2-cp39-cp39-macosx_10_9_universal2.whl", hash = "sha256:7e392f2c57068bb892c45c1b69067c3dde94b633c81c725a613ee7defe09de47"},
    {file = "fugashi-1.3.2-cp39-cp39-macosx_10_9_x86_64.whl", hash = "sha256:85de463fc30390c06d985f52fcfd422acf7ada6b13f723721ca964854b9ae435"},
    {file = "fugashi-1.3.2-cp39-cp39-macosx_11_0_arm64.whl", hash = "sha256:5a640da3824aba966209fc425b2b19c38d22a3da637f83b4a7df83cb94376b87"},
    {file = "fugashi-1.3.2-cp39-cp39-manylinux_2_17_aarch64.manylinux2014_aarch64.whl", hash = "sha256:11e95f57b78152be3a0a1a1e77d7887cfc25c30412d5f5825711b75ea6d415be"},
    {file = "fugashi-1.3.2-cp39-cp39-manylinux_2_17_x86_64.manylinux2014_x86_64.whl", hash = "sha256:409b83f136a3c2da805cd999bd7e1792e7c71fa8e0637f77bdec2b6fd070a3bb"},
    {file = "fugashi-1.3.2-cp39-cp39-win_amd64.whl", hash = "sha256:51eed11fee767597cfe735bd01326eb06deb2283112e29e9e5bdc954750e7a24"},
    {file = "fugashi-1.3.2-pp310-pypy310_pp73-macosx_10_9_x86_64.whl", hash = "sha256:bc99b6e8f003c7a0e53e0f486caa1547f0ca8f86777610ea92af6e2f40ca212a"},
    {file = "fugashi-1.3.2-pp37-pypy37_pp73-macosx_10_9_x86_64.whl", hash = "sha256:4c7e97655d1d3f3f5d5c5da6ac7f31f187177a39f1557f9d3f683772a2e30815"},
    {file = "fugashi-1.3.2-pp38-pypy38_pp73-macosx_10_9_x86_64.whl", hash = "sha256:54865ba40c35b3180d9c7cf629a1f3e430bca626dcd6ee6288bc5245c044edea"},
    {file = "fugashi-1.3.2-pp39-pypy39_pp73-macosx_10_9_x86_64.whl", hash = "sha256:21d2dac5b085632f1f9a24edf5d7ccaeb3272be672e4aa37a0b219fc7a3b0655"},
    {file = "fugashi-1.3.2.tar.gz", hash = "sha256:964980b5d227ee41af7570542aaab56b1298c44416271cba5d8ff9a58ab40748"},
]

[package.dependencies]
unidic-lite = {version = "*", optional = true, markers = "extra == \"unidic-lite\""}

[package.extras]
unidic = ["unidic"]
unidic-lite = ["unidic-lite"]

[[package]]
name = "jaconv"
version = "0.3.4"
description = "Pure-Python Japanese character interconverter for Hiragana, Katakana, Hankaku, Zenkaku and more"
optional = false
python-versions = "*"
files = [
    {file = "jaconv-0.3.4.tar.gz", hash = "sha256:9e7c55f3f0b0e2dbad62f6c9fa0c30fc6fffdbb78297955509d90856b3a31d6d"},
]

[[package]]
name = "mojimoji"
version = "0.0.13"
description = "A fast converter between Japanese hankaku and zenkaku characters"
optional = false
python-versions = ">=3.7"
files = [
    {file = "mojimoji-0.0.13-cp310-cp310-macosx_10_9_x86_64.whl", hash = "sha256:d4e35fed7eb8ac573eef365d4a614c952179ad4e0e27a8e32d22e6c57a945b8c"},
    {file = "mojimoji-0.0.13-cp310-cp310-macosx_11_0_arm64.whl", hash = "sha256:308a6b43c3c9c5a6d912e1984d02aa58ccabb83c9e57c5edb71389c90187d6d3"},
    {file = "mojimoji-0.0.13-cp310-cp310-manylinux_2_17_i686.manylinux2014_i686.whl", hash = "sha256:761c1bcca7146b24c82b72645fbb80dbe6d373792e84f7d71bafa538c0b170af"},
    {file = "mojimoji-0.0.13-cp310-cp310-manylinux_2_17_x86_64.manylinux2014_x86_64.whl", hash = "sha256:8feb1b8bf21eae1c35fca72a8c2c05c9a12271d882a02b01608d746d3dbab684"},
    {file = "mojimoji-0.0.13-cp310-cp310-win32.whl", hash = "sha256:f617ebe1fdceadc2b87497c4d56f3c863155179488feb63f83a62cf95df37b69"},
    {file = "mojimoji-0.0.13-cp310-cp310-win_amd64.whl", hash = "sha256:a5dfcef1fc16360aab65b8b60518a9d19cc7916ffc296ee0907819490686429e"},
    {file = "mojimoji-0.0.13-cp311-cp311-macosx_10_9_x86_64.whl", hash = "sha256:c97d7c1861635cd538f44bf70dd27ed24435b0f8fe634ca52c49cb4c4424d6fa"},
    {file = "mojimoji-0.0.13-cp311-cp311-macosx_11_0_arm64.whl", hash = "sha256:2402eaf2a5f963735c44e59559fa00ee8eb8dec46c0e3f29bfdb1ee49d7a75df"},
    {file = "mojimoji-0.0.13-cp311-cp311-manylinux_2_17_i686.manylinux2014_i686.whl", hash = "sha256:60a7358d7d413d4ea9c92e3b523ab4e701e30cefc505b2f1409761fc9e7ba730"},
    {file = "mojimoji-0.0.13-cp311-cp311-manylinux_2_17_x86_64.manylinux2014_x86_64.whl", hash = "sha256:535f278df0a26280e904cd3688ae610414b176cc373431ac31e378305ee96452"},
    {file = "mojimoji-0.0.13-cp311-cp311-win32.whl", hash = "sha256:d27f88051d4fde5b2fdb1a07e3064c950541da6d25e3f1829eedededc015b0c2"},
    {file = "mojimoji-0.0.13-cp311-cp311-win_amd64.whl", hash = "sha256:ea2f75e93425f0bcfaef68c189845ec9a212d37a4997ffa35353ef7e5c57ca9a"},
    {file = "mojimoji-0.0.13-cp312-cp312-macosx_10_9_x86_64.whl", hash = "sha256:9d8f1618fb9b100bba172f2629df20e6db591ce5912996ac630d215627dd7553"},
    {file = "mojimoji-0.0.13-cp312-cp312-macosx_11_0_arm64.whl", hash = "sha256:ad4a2e1fb2b643ac3166f30be97a95ad1877e4670c6dc656c4ef580681b84c49"},
    {file = "mojimoji-0.0.13-cp312-cp312-manylinux_2_17_i686.manylinux2014_i686.whl", hash = "sha256:d001f2042073b194bad071925b7ee36d9f320b79c93b4463df87267fee986e86"},
    {file = "mojimoji-0.0.13-cp312-cp312-manylinux_2_17_x86_64.manylinux2014_x86_64.whl", hash = "sha256:3c5fd38d1f4079dc54ac79f93b0e5442c660b297a3868308251ffc37beb1216b"},
    {file = "mojimoji-0.0.13-cp312-cp312-win32.whl", hash = "sha256:c97ee81e4f7083df13b8ef690366e67afd8170c8f7c259161bae6ed12d41fe5b"},
    {file = "mojimoji-0.0.13-cp312-cp312-win_amd64.whl", hash = "sha256:6e442d6dcfb2fc1a08eea86da80ebe71ad63fbc4217fa4faede7023c0b51d055"},
    {file = "mojimoji-0.0.13-cp37-cp37m-macosx_10_9_x86_64.whl", hash = "sha256:b44d0a99b69bca583e497cf217d2573f9a01ca49d9dc23116bffb196efdb192f"},
    {file = "mojimoji-0.0.13-cp37-cp37m-manylinux_2_17_i686.manylinux2014_i686.whl", hash = "sha256:1087035b4b0d5f2be0db74ccdb285e0bcf977a8c24e47ee93cd084570d073648"},
    {file = "mojimoji-0.0.13-cp37-cp37m-manylinux_2_17_x86_64.manylinux2014_x86_64.whl", hash = "sha256:da069e1c48f54de4c4c372c74cf8c7f27487449d1547337aaedc21b26538b5e7"},
    {file = "mojimoji-0.0.13-cp37-cp37m-win32.whl", hash = "sha256:522eff5b0fd3ea2cdbeae27581a684174ed843dd7b9076791bf344a746a1ed8f"},
    {file = "mojimoji-0.0.13-cp37-cp37m-win_amd64.whl", hash = "sha256:99472af3849bd795970ecc9102f1007350cb8aef0ff21ba0511c121fe94c3ffe"},
    {file = "mojimoji-0.0.13-cp38-cp38-macosx_10_9_x86_64.whl", hash = "sha256:01130d705445c4b41dcb6177b82ef6ae54ae13dc8d7ad9bf1a673acf0db8059c"},
    {file = "mojimoji-0.0.13-cp38-cp38-macosx_11_0_arm64.whl", hash = "sha256:18422803dc00703ebf4969a6d6957bd9099913295f0578c9e29ee25d4988ed7f"},
    {file = "mojimoji-0.0.13-cp38-cp38-manylinux_2_17_i686.manylinux2014_i686.whl", hash = "sha256:7fc8a9caeea0147eee642a50c004fc64f0c1410736423f74802cf9950ae14b43"},
    {file = "mojimoji-0.0.13-cp38-cp38-manylinux_2_17_x86_64.manylinux2014_x86_64.whl", hash = "sha256:cc0f872b573218bfac9532ccb2f52f6279e8aa337654bbb28e90f0051d3ceb0b"},
    {file = "mojimoji-0.0.13-cp38-cp38-win32.whl", hash = "sha256:98ea6f420f1298eb6a36b759551b22d133fe882da407f3eccf8c2cc5d302d05f"},
    {file = "mojimoji-0.0.13-cp38-cp38-win_amd64.whl", hash = "sha256:ab1aee2ef6a170b26e431733767361dfc12983847f2be23f6dc2311de7b98df0"},
    {file = "mojimoji-0.0.13-cp39-cp39-macosx_10_9_x86_64.whl", hash = "sha256:918f415c42cabde6128faba93be92482a4fb1f40d0d800727e04716aef40c94e"},
    {file = "mojimoji-0.0.13-cp39-cp39-macosx_11_0_arm64.whl", hash = "sha256:a27b8cec5e05db2a7acc475a7ab70b840cf2087bcb2d4a276b89a3f9d20b0887"},
    {file = "mojimoji-0.0.13-cp39-cp39-manylinux_2_17_i686.manylinux2014_i686.whl", hash = "sha256:853d87ce8fbef597bc3a1f23a9f95f6a4267f697e28fc85c665598c190b4b71c"},
    {file = "mojimoji-0.0.13-cp39-cp39-manylinux_2_17_x86_64.manylinux2014_x86_64.whl", hash = "sha256:9f2284489d1b8330bb785eb844c1a6a6a2346c95bc3f52088084c71b4a1fb234"},
    {file = "mojimoji-0.0.13-cp39-cp39-win32.whl", hash = "sha256:507c73837b19c17918de5d2afccdaaed95cf00d1e9e38eac93ab39c8fc0930f8"},
    {file = "mojimoji-0.0.13-cp39-cp39-win_amd64.whl", hash = "sha256:6b627a62c18655adb36b9b2a420b7f43a0d2f39ebe2aa01418968d6dc71bb104"},
    {file = "mojimoji-0.0.13.tar.gz", hash = "sha256:0e6d2fba22cc8bf132a5bdf3a964296d9287a618d09681a12868f0fd518e4230"},
]

[[package]]
name = "pillow"
version = "10.4.0"
description = "Python Imaging Library (Fork)"
optional = false
python-versions = ">=3.8"
files = [
    {file = "pillow-10.4.0-cp310-cp310-macosx_10_10_x86_64.whl", hash = "sha256:4d9667937cfa347525b319ae34375c37b9ee6b525440f3ef48542fcf66f2731e"},
    {file = "pillow-10.4.0-cp310-cp310-macosx_11_0_arm64.whl", hash = "sha256:543f3dc61c18dafb755773efc89aae60d06b6596a63914107f75459cf984164d"},
    {file = "pillow-10.4.0-cp310-cp310-manylinux_2_17_aarch64.manylinux2014_aarch64.whl", hash = "sha256:7928ecbf1ece13956b95d9cbcfc77137652b02763ba384d9ab508099a2eca856"},
    {file = "pillow-10.4.0-cp310-cp310-manylinux_2_17_x86_64.manylinux2014_x86_64.whl", hash = "sha256:e4d49b85c4348ea0b31ea63bc75a9f3857869174e2bf17e7aba02945cd218e6f"},
    {file = "pillow-10.4.0-cp310-cp310-manylinux_2_28_aarch64.whl", hash = "sha256:6c762a5b0997f5659a5ef2266abc1d8851ad7749ad9a6a5506eb23d314e4f46b"},
    {file = "pillow-10.4.0-cp310-cp310-manylinux_2_28_x86_64.whl", hash = "sha256:a985e028fc183bf12a77a8bbf36318db4238a3ded7fa9df1b9a133f1cb79f8fc"},
    {file = "pillow-10.4.0-cp310-cp310-musllinux_1_2_aarch64.whl", hash = "sha256:812f7342b0eee081eaec84d91423d1b4650bb9828eb53d8511bcef8ce5aecf1e"},
    {file = "pillow-10.4.0-cp310-cp310-musllinux_1_2_x86_64.whl", hash = "sha256:ac1452d2fbe4978c2eec89fb5a23b8387aba707ac72810d9490118817d9c0b46"},
    {file = "pillow-10.4.0-cp310-cp310-win32.whl", hash = "sha256:bcd5e41a859bf2e84fdc42f4edb7d9aba0a13d29a2abadccafad99de3feff984"},
    {file = "pillow-10.4.0-cp310-cp310-win_amd64.whl", hash = "sha256:ecd85a8d3e79cd7158dec1c9e5808e821feea088e2f69a974db5edf84dc53141"},
    {file = "pillow-10.4.0-cp310-cp310-win_arm64.whl", hash = "sha256:ff337c552345e95702c5fde3158acb0625111017d0e5f24bf3acdb9cc16b90d1"},
    {file = "pillow-10.4.0-cp311-cp311-macosx_10_10_x86_64.whl", hash = "sha256:0a9ec697746f268507404647e531e92889890a087e03681a3606d9b920fbee3c"},
    {file = "pillow-10.4.0-cp311-cp311-macosx_11_0_arm64.whl", hash = "sha256:dfe91cb65544a1321e631e696759491ae04a2ea11d36715eca01ce07284738be"},
    {file = "pillow-10.4.0-cp311-cp311-manylinux_2_17_aarch64.manylinux2014_aarch64.whl", hash = "sha256:5dc6761a6efc781e6a1544206f22c80c3af4c8cf461206d46a1e6006e4429ff3"},
    {file = "pillow-10.4.0-cp311-cp311-manylinux_2_17_x86_64.manylinux2014_x86_64.whl", hash = "sha256:5e84b6cc6a4a3d76c153a6b19270b3526a5a8ed6b09501d3af891daa2a9de7d6"},
    {file = "pillow-10.4.0-cp311-cp311-manylinux_2_28_aarch64.whl", hash = "sha256:bbc527b519bd3aa9d7f429d152fea69f9ad37c95f0b02aebddff592688998abe"},
    {file = "pillow-10.4.0-cp311-cp311-manylinux_2_28_x86_64.whl", hash = "sha256:76a911dfe51a36041f2e756b00f96ed84677cdeb75d25c767f296c1c1eda1319"},
    {file = "pillow-10.4.0-cp311-cp311-musllinux_1_2_aarch64.whl", hash = "sha256:59291fb29317122398786c2d44427bbd1a6d7ff54017075b22be9d21aa59bd8d"},
    {file = "pillow-10.4.0-cp311-cp311-musllinux_1_2_x86_64.whl", hash = "sha256:416d3a5d0e8cfe4f27f574362435bc9bae57f679a7158e0096ad2beb427b8696"},
    {file = "pillow-10.4.0-cp311-cp311-win32.whl", hash = "sha256:7086cc1d5eebb91ad24ded9f58bec6c688e9f0ed7eb3dbbf1e4800280a896496"},
    {file = "pillow-10.4.0-cp311-cp311-win_amd64.whl", hash = "sha256:cbed61494057c0f83b83eb3a310f0bf774b09513307c434d4366ed64f4128a91"},
    {file = "pillow-10.4.0-cp311-cp311-win_arm64.whl", hash = "sha256:f5f0c3e969c8f12dd2bb7e0b15d5c468b51e5017e01e2e867335c81903046a22"},
    {file = "pillow-10.4.0-cp312-cp312-macosx_10_10_x86_64.whl", hash = "sha256:673655af3eadf4df6b5457033f086e90299fdd7a47983a13827acf7459c15d94"},
    {file = "pillow-10.4.0-cp312-cp312-macosx_11_0_arm64.whl", hash = "sha256:866b6942a92f56300012f5fbac71f2d610312ee65e22f1aa2609e491284e5597"},
    {file = "pillow-10.4.0-cp312-cp312-manylinux_2_17_aarch64.manylinux2014_aarch64.whl", hash = "sha256:29dbdc4207642ea6aad70fbde1a9338753d33fb23ed6956e706936706f52dd80"},
    {file = "pillow-10.4.0-cp312-cp312-manylinux_2_17_x86_64.manylinux2014_x86_64.whl", hash = "sha256:bf2342ac639c4cf38799a44950bbc2dfcb685f052b9e262f446482afaf4bffca"},
    {file = "pillow-10.4.0-cp312-cp312-manylinux_2_28_aarch64.whl", hash = "sha256:f5b92f4d70791b4a67157321c4e8225d60b119c5cc9aee8ecf153aace4aad4ef"},
    {file = "pillow-10.4.0-cp312-cp312-manylinux_2_28_x86_64.whl", hash = "sha256:86dcb5a1eb778d8b25659d5e4341269e8590ad6b4e8b44d9f4b07f8d136c414a"},
    {file = "pillow-10.4.0-cp312-cp312-musllinux_1_2_aarch64.whl", hash = "sha256:780c072c2e11c9b2c7ca37f9a2ee8ba66f44367ac3e5c7832afcfe5104fd6d1b"},
    {file = "pillow-10.4.0-cp312-cp312-musllinux_1_2_x86_64.whl", hash = "sha256:37fb69d905be665f68f28a8bba3c6d3223c8efe1edf14cc4cfa06c241f8c81d9"},
    {file = "pillow-10.4.0-cp312-cp312-win32.whl", hash = "sha256:7dfecdbad5c301d7b5bde160150b4db4c659cee2b69589705b6f8a0c509d9f42"},
    {file = "pillow-10.4.0-cp312-cp312-win_amd64.whl", hash = "sha256:1d846aea995ad352d4bdcc847535bd56e0fd88d36829d2c90be880ef1ee4668a"},
    {file = "pillow-10.4.0-cp312-cp312-win_arm64.whl", hash = "sha256:e553cad5179a66ba15bb18b353a19020e73a7921296a7979c4a2b7f6a5cd57f9"},
    {file = "pillow-10.4.0-cp313-cp313-macosx_10_13_x86_64.whl", hash = "sha256:8bc1a764ed8c957a2e9cacf97c8b2b053b70307cf2996aafd70e91a082e70df3"},
    {file = "pillow-10.4.0-cp313-cp313-macosx_11_0_arm64.whl", hash = "sha256:6209bb41dc692ddfee4942517c19ee81b86c864b626dbfca272ec0f7cff5d9fb"},
    {file = "pillow-10.4.0-cp313-cp313-manylinux_2_17_aarch64.manylinux2014_aarch64.whl", hash = "sha256:bee197b30783295d2eb680b311af15a20a8b24024a19c3a26431ff83eb8d1f70"},
    {file = "pillow-10.4.0-cp313-cp313-manylinux_2_17_x86_64.manylinux2014_x86_64.whl", hash = "sha256:1ef61f5dd14c300786318482456481463b9d6b91ebe5ef12f405afbba77ed0be"},
    {file = "pillow-10.4.0-cp313-cp313-manylinux_2_28_aarch64.whl", hash = "sha256:297e388da6e248c98bc4a02e018966af0c5f92dfacf5a5ca22fa01cb3179bca0"},
    {file = "pillow-10.4.0-cp313-cp313-manylinux_2_28_x86_64.whl", hash = "sha256:e4db64794ccdf6cb83a59d73405f63adbe2a1887012e308828596100a0b2f6cc"},
    {file = "pillow-10.4.0-cp313-cp313-musllinux_1_2_aarch64.whl", hash = "sha256:bd2880a07482090a3bcb01f4265f1936a903d70bc740bfcb1fd4e8a2ffe5cf5a"},
    {file = "pillow-10.4.0-cp313-cp313-musllinux_1_2_x86_64.whl", hash = "sha256:4b35b21b819ac1dbd1233317adeecd63495f6babf21b7b2512d244ff6c6ce309"},
    {file = "pillow-10.4.0-cp313-cp313-win32.whl", hash = "sha256:551d3fd6e9dc15e4c1eb6fc4ba2b39c0c7933fa113b220057a34f4bb3268a060"},
    {file = "pillow-10.4.0-cp313-cp313-win_amd64.whl", hash = "sha256:030abdbe43ee02e0de642aee345efa443740aa4d828bfe8e2eb11922ea6a21ea"},
    {file = "pillow-10.4.0-cp313-cp313-win_arm64.whl", hash = "sha256:5b001114dd152cfd6b23befeb28d7aee43553e2402c9f159807bf55f33af8a8d"},
    {file = "pillow-10.4.0-cp38-cp38-macosx_10_10_x86_64.whl", hash = "sha256:8d4d5063501b6dd4024b8ac2f04962d661222d120381272deea52e3fc52d3736"},
    {file = "pillow-10.4.0-cp38-cp38-macosx_11_0_arm64.whl", hash = "sha256:7c1ee6f42250df403c5f103cbd2768a28fe1a0ea1f0f03fe151c8741e1469c8b"},
    {file = "pillow-10.4.0-cp38-cp38-manylinux_2_17_aarch64.manylinux2014_aarch64.whl", hash = "sha256:b15e02e9bb4c21e39876698abf233c8c579127986f8207200bc8a8f6bb27acf2"},
    {file = "pillow-10.4.0-cp38-cp38-manylinux_2_17_x86_64.manylinux2014_x86_64.whl", hash = "sha256:7a8d4bade9952ea9a77d0c3e49cbd8b2890a399422258a77f357b9cc9be8d680"},
    {file = "pillow-10.4.0-cp38-cp38-manylinux_2_28_aarch64.whl", hash = "sha256:43efea75eb06b95d1631cb784aa40156177bf9dd5b4b03ff38979e048258bc6b"},
    {file = "pillow-10.4.0-cp38-cp38-manylinux_2_28_x86_64.whl", hash = "sha256:950be4d8ba92aca4b2bb0741285a46bfae3ca699ef913ec8416c1b78eadd64cd"},
    {file = "pillow-10.4.0-cp38-cp38-musllinux_1_2_aarch64.whl", hash = "sha256:d7480af14364494365e89d6fddc510a13e5a2c3584cb19ef65415ca57252fb84"},
    {file = "pillow-10.4.0-cp38-cp38-musllinux_1_2_x86_64.whl", hash = "sha256:73664fe514b34c8f02452ffb73b7a92c6774e39a647087f83d67f010eb9a0cf0"},
    {file = "pillow-10.4.0-cp38-cp38-win32.whl", hash = "sha256:e88d5e6ad0d026fba7bdab8c3f225a69f063f116462c49892b0149e21b6c0a0e"},
    {file = "pillow-10.4.0-cp38-cp38-win_amd64.whl", hash = "sha256:5161eef006d335e46895297f642341111945e2c1c899eb406882a6c61a4357ab"},
    {file = "pillow-10.4.0-cp39-cp39-macosx_10_10_x86_64.whl", hash = "sha256:0ae24a547e8b711ccaaf99c9ae3cd975470e1a30caa80a6aaee9a2f19c05701d"},
    {file = "pillow-10.4.0-cp39-cp39-macosx_11_0_arm64.whl", hash = "sha256:298478fe4f77a4408895605f3482b6cc6222c018b2ce565c2b6b9c354ac3229b"},
    {file = "pillow-10.4.0-cp39-cp39-manylinux_2_17_aarch64.manylinux2014_aarch64.whl", hash = "sha256:134ace6dc392116566980ee7436477d844520a26a4b1bd4053f6f47d096997fd"},
    {file = "pillow-10.4.0-cp39-cp39-manylinux_2_17_x86_64.manylinux2014_x86_64.whl", hash = "sha256:930044bb7679ab003b14023138b50181899da3f25de50e9dbee23b61b4de2126"},
    {file = "pillow-10.4.0-cp39-cp39-manylinux_2_28_aarch64.whl", hash = "sha256:c76e5786951e72ed3686e122d14c5d7012f16c8303a674d18cdcd6d89557fc5b"},
    {file = "pillow-10.4.0-cp39-cp39-manylinux_2_28_x86_64.whl", hash = "sha256:b2724fdb354a868ddf9a880cb84d102da914e99119211ef7ecbdc613b8c96b3c"},
    {file = "pillow-10.4.0-cp39-cp39-musllinux_1_2_aarch64.whl", hash = "sha256:dbc6ae66518ab3c5847659e9988c3b60dc94ffb48ef9168656e0019a93dbf8a1"},
    {file = "pillow-10.4.0-cp39-cp39-musllinux_1_2_x86_64.whl", hash = "sha256:06b2f7898047ae93fad74467ec3d28fe84f7831370e3c258afa533f81ef7f3df"},
    {file = "pillow-10.4.0-cp39-cp39-win32.whl", hash = "sha256:7970285ab628a3779aecc35823296a7869f889b8329c16ad5a71e4901a3dc4ef"},
    {file = "pillow-10.4.0-cp39-cp39-win_amd64.whl", hash = "sha256:961a7293b2457b405967af9c77dcaa43cc1a8cd50d23c532e62d48ab6cdd56f5"},
    {file = "pillow-10.4.0-cp39-cp39-win_arm64.whl", hash = "sha256:32cda9e3d601a52baccb2856b8ea1fc213c90b340c542dcef77140dfa3278a9e"},
    {file = "pillow-10.4.0-pp310-pypy310_pp73-macosx_10_15_x86_64.whl", hash = "sha256:5b4815f2e65b30f5fbae9dfffa8636d992d49705723fe86a3661806e069352d4"},
    {file = "pillow-10.4.0-pp310-pypy310_pp73-macosx_11_0_arm64.whl", hash = "sha256:8f0aef4ef59694b12cadee839e2ba6afeab89c0f39a3adc02ed51d109117b8da"},
    {file = "pillow-10.4.0-pp310-pypy310_pp73-manylinux_2_17_aarch64.manylinux2014_aarch64.whl", hash = "sha256:9f4727572e2918acaa9077c919cbbeb73bd2b3ebcfe033b72f858fc9fbef0026"},
    {file = "pillow-10.4.0-pp310-pypy310_pp73-manylinux_2_17_x86_64.manylinux2014_x86_64.whl", hash = "sha256:ff25afb18123cea58a591ea0244b92eb1e61a1fd497bf6d6384f09bc3262ec3e"},
    {file = "pillow-10.4.0-pp310-pypy310_pp73-manylinux_2_28_aarch64.whl", hash = "sha256:dc3e2db6ba09ffd7d02ae9141cfa0ae23393ee7687248d46a7507b75d610f4f5"},
    {file = "pillow-10.4.0-pp310-pypy310_pp73-manylinux_2_28_x86_64.whl", hash = "sha256:02a2be69f9c9b8c1e97cf2713e789d4e398c751ecfd9967c18d0ce304efbf885"},
    {file = "pillow-10.4.0-pp310-pypy310_pp73-win_amd64.whl", hash = "sha256:0755ffd4a0c6f267cccbae2e9903d95477ca2f77c4fcf3a3a09570001856c8a5"},
    {file = "pillow-10.4.0-pp39-pypy39_pp73-macosx_10_15_x86_64.whl", hash = "sha256:a02364621fe369e06200d4a16558e056fe2805d3468350df3aef21e00d26214b"},
    {file = "pillow-10.4.0-pp39-pypy39_pp73-macosx_11_0_arm64.whl", hash = "sha256:1b5dea9831a90e9d0721ec417a80d4cbd7022093ac38a568db2dd78363b00908"},
    {file = "pillow-10.4.0-pp39-pypy39_pp73-manylinux_2_17_aarch64.manylinux2014_aarch64.whl", hash = "sha256:9b885f89040bb8c4a1573566bbb2f44f5c505ef6e74cec7ab9068c900047f04b"},
    {file = "pillow-10.4.0-pp39-pypy39_pp73-manylinux_2_17_x86_64.manylinux2014_x86_64.whl", hash = "sha256:87dd88ded2e6d74d31e1e0a99a726a6765cda32d00ba72dc37f0651f306daaa8"},
    {file = "pillow-10.4.0-pp39-pypy39_pp73-manylinux_2_28_aarch64.whl", hash = "sha256:2db98790afc70118bd0255c2eeb465e9767ecf1f3c25f9a1abb8ffc8cfd1fe0a"},
    {file = "pillow-10.4.0-pp39-pypy39_pp73-manylinux_2_28_x86_64.whl", hash = "sha256:f7baece4ce06bade126fb84b8af1c33439a76d8a6fd818970215e0560ca28c27"},
    {file = "pillow-10.4.0-pp39-pypy39_pp73-win_amd64.whl", hash = "sha256:cfdd747216947628af7b259d274771d84db2268ca062dd5faf373639d00113a3"},
    {file = "pillow-10.4.0.tar.gz", hash = "sha256:166c1cd4d24309b30d61f79f4a9114b7b2313d7450912277855ff5dfd7cd4a06"},
]

[package.extras]
docs = ["furo", "olefile", "sphinx (>=7.3)", "sphinx-copybutton", "sphinx-inline-tabs", "sphinxext-opengraph"]
fpx = ["olefile"]
mic = ["olefile"]
tests = ["check-manifest", "coverage", "defusedxml", "markdown2", "olefile", "packaging", "pyroma", "pytest", "pytest-cov", "pytest-timeout"]
typing = ["typing-extensions"]
xmp = ["defusedxml"]

[[package]]
name = "ruff"
version = "0.7.2"
description = "An extremely fast Python linter and code formatter, written in Rust."
optional = false
python-versions = ">=3.7"
files = [
    {file = "ruff-0.7.2-py3-none-linux_armv6l.whl", hash = "sha256:b73f873b5f52092e63ed540adefc3c36f1f803790ecf2590e1df8bf0a9f72cb8"},
    {file = "ruff-0.7.2-py3-none-macosx_10_12_x86_64.whl", hash = "sha256:5b813ef26db1015953daf476202585512afd6a6862a02cde63f3bafb53d0b2d4"},
    {file = "ruff-0.7.2-py3-none-macosx_11_0_arm64.whl", hash = "sha256:853277dbd9675810c6826dad7a428d52a11760744508340e66bf46f8be9701d9"},
    {file = "ruff-0.7.2-py3-none-manylinux_2_17_aarch64.manylinux2014_aarch64.whl", hash = "sha256:21aae53ab1490a52bf4e3bf520c10ce120987b047c494cacf4edad0ba0888da2"},
    {file = "ruff-0.7.2-py3-none-manylinux_2_17_armv7l.manylinux2014_armv7l.whl", hash = "sha256:ccc7e0fc6e0cb3168443eeadb6445285abaae75142ee22b2b72c27d790ab60ba"},
    {file = "ruff-0.7.2-py3-none-manylinux_2_17_i686.manylinux2014_i686.whl", hash = "sha256:fd77877a4e43b3a98e5ef4715ba3862105e299af0c48942cc6d51ba3d97dc859"},
    {file = "ruff-0.7.2-py3-none-manylinux_2_17_ppc64.manylinux2014_ppc64.whl", hash = "sha256:e00163fb897d35523c70d71a46fbaa43bf7bf9af0f4534c53ea5b96b2e03397b"},
    {file = "ruff-0.7.2-py3-none-manylinux_2_17_ppc64le.manylinux2014_ppc64le.whl", hash = "sha256:f3c54b538633482dc342e9b634d91168fe8cc56b30a4b4f99287f4e339103e88"},
    {file = "ruff-0.7.2-py3-none-manylinux_2_17_s390x.manylinux2014_s390x.whl", hash = "sha256:7b792468e9804a204be221b14257566669d1db5c00d6bb335996e5cd7004ba80"},
    {file = "ruff-0.7.2-py3-none-manylinux_2_17_x86_64.manylinux2014_x86_64.whl", hash = "sha256:dba53ed84ac19ae4bfb4ea4bf0172550a2285fa27fbb13e3746f04c80f7fa088"},
    {file = "ruff-0.7.2-py3-none-musllinux_1_2_aarch64.whl", hash = "sha256:b19fafe261bf741bca2764c14cbb4ee1819b67adb63ebc2db6401dcd652e3748"},
    {file = "ruff-0.7.2-py3-none-musllinux_1_2_armv7l.whl", hash = "sha256:28bd8220f4d8f79d590db9e2f6a0674f75ddbc3847277dd44ac1f8d30684b828"},
    {file = "ruff-0.7.2-py3-none-musllinux_1_2_i686.whl", hash = "sha256:9fd67094e77efbea932e62b5d2483006154794040abb3a5072e659096415ae1e"},
    {file = "ruff-0.7.2-py3-none-musllinux_1_2_x86_64.whl", hash = "sha256:576305393998b7bd6c46018f8104ea3a9cb3fa7908c21d8580e3274a3b04b691"},
    {file = "ruff-0.7.2-py3-none-win32.whl", hash = "sha256:fa993cfc9f0ff11187e82de874dfc3611df80852540331bc85c75809c93253a8"},
    {file = "ruff-0.7.2-py3-none-win_amd64.whl", hash = "sha256:dd8800cbe0254e06b8fec585e97554047fb82c894973f7ff18558eee33d1cb88"},
    {file = "ruff-0.7.2-py3-none-win_arm64.whl", hash = "sha256:bb8368cd45bba3f57bb29cbb8d64b4a33f8415d0149d2655c5c8539452ce7760"},
    {file = "ruff-0.7.2.tar.gz", hash = "sha256:2b14e77293380e475b4e3a7a368e14549288ed2931fce259a6f99978669e844f"},
]

[[package]]
name = "unidic-lite"
version = "1.0.8"
description = "A small version of UniDic packaged for Python"
optional = false
python-versions = "*"
files = [
    {file = "unidic-lite-1.0.8.tar.gz", hash = "sha256:db9d4572d9fdd4d00a97949d4b0741ec480ee05a7e7e2e32f547500dae27b245"},
]

[metadata]
lock-version = "2.0"
python-versions = "^3.10"
content-hash = "b9a06026f4c2992d7fe819b11bc8cac7966c2bfef29910d7b8198be7440af6c5"
